
Microsoft Visual Studio Solution File, Format Version 12.00
# Visual Studio Version 16
VisualStudioVersion = 16.0.31911.196
MinimumVisualStudioVersion = 10.0.40219.1
Project("{9A19103F-16F7-4668-BE54-9A1E7A4F7556}") = "Sahra.jobManager", "WebApplication20\Sahra.jobManager.csproj", "{25902DBF-0D38-42E7-95DE-1BC725A1E815}"
EndProject
Global
	GlobalSection(SolutionConfigurationPlatforms) = preSolution
		Debug|Any CPU = Debug|Any CPU
		Release|Any CPU = Release|Any CPU
	EndGlobalSection
	GlobalSection(ProjectConfigurationPlatforms) = postSolution
		{25902DBF-0D38-42E7-95DE-1BC725A1E815}.Debug|Any CPU.ActiveCfg = Debug|Any CPU
		{25902DBF-0D38-42E7-95DE-1BC725A1E815}.Debug|Any CPU.Build.0 = Debug|Any CPU
		{25902DBF-0D38-42E7-95DE-1BC725A1E815}.Release|Any CPU.ActiveCfg = Release|Any CPU
		{25902DBF-0D38-42E7-95DE-1BC725A1E815}.Release|Any CPU.Build.0 = Release|Any CPU
	EndGlobalSection
	GlobalSection(SolutionProperties) = preSolution
		HideSolutionNode = FALSE
	EndGlobalSection
	GlobalSection(ExtensibilityGlobals) = postSolution
		SolutionGuid = {ACF20B9A-0898-4B29-AE92-E8E717C50B32}
	EndGlobalSection
EndGlobal
